
Microsoft Visual Studio Solution File, Format Version 12.00
# Visual Studio Version 16
VisualStudioVersion = 16.0.31313.79
MinimumVisualStudioVersion = 10.0.40219.1
Project("{FAE04EC0-301F-11D3-BF4B-00C04F79EFBC}") = "RBS_Restaurant_Billing_System", "RBS_Restaurant_Billing_System.csproj", "{B7C7981A-99CF-4778-9B75-F32FF4AD0CA7}"
EndProject
Project("{54435603-DBB4-11D2-8724-00A0C9A8B90C}") = "Setup for RBS-Restaurant Billing System", "Setup for RBS-Restaurant Billing System\Setup for RBS-Restaurant Billing System.vdproj", "{2E2A6AF4-3882-4823-882F-CF3B339084A1}"
EndProject
Global
	GlobalSection(SolutionConfigurationPlatforms) = preSolution
		Debug|Any CPU = Debug|Any CPU
		Release|Any CPU = Release|Any CPU
	EndGlobalSection
	GlobalSection(ProjectConfigurationPlatforms) = postSolution
		{B7C7981A-99CF-4778-9B75-F32FF4AD0CA7}.Debug|Any CPU.ActiveCfg = Release|Any CPU
		{B7C7981A-99CF-4778-9B75-F32FF4AD0CA7}.Debug|Any CPU.Build.0 = Release|Any CPU
		{B7C7981A-99CF-4778-9B75-F32FF4AD0CA7}.Release|Any CPU.ActiveCfg = Release|Any CPU
		{B7C7981A-99CF-4778-9B75-F32FF4AD0CA7}.Release|Any CPU.Build.0 = Release|Any CPU
		{2E2A6AF4-3882-4823-882F-CF3B339084A1}.Debug|Any CPU.ActiveCfg = Debug
		{2E2A6AF4-3882-4823-882F-CF3B339084A1}.Release|Any CPU.ActiveCfg = Release
		{2E2A6AF4-3882-4823-882F-CF3B339084A1}.Release|Any CPU.Build.0 = Release
	EndGlobalSection
	GlobalSection(SolutionProperties) = preSolution
		HideSolutionNode = FALSE
	EndGlobalSection
	GlobalSection(ExtensibilityGlobals) = postSolution
		SolutionGuid = {B4FF7792-8048-4400-8BF4-D861654C95ED}
	EndGlobalSection
EndGlobal
